
Microsoft Visual Studio Solution File, Format Version 12.00
# Visual Studio Version 16
VisualStudioVersion = 16.0.30907.101
MinimumVisualStudioVersion = 10.0.40219.1
Project("{9A19103F-16F7-4668-BE54-9A1E7A4F7556}") = "Fintech.CreditLine.Api", "Fintech.CreditLine.Api\Fintech.CreditLine.Api.csproj", "{3586E0BA-52C3-4BEB-963B-502A47DC84A2}"
EndProject
Project("{2150E333-8FDC-42A3-9474-1A3956D46DE8}") = "src", "src", "{E0E1CEAE-36D5-4005-9F3A-0BB13D3FD304}"
EndProject
Project("{2150E333-8FDC-42A3-9474-1A3956D46DE8}") = "api", "api", "{5E5B5847-416D-4A16-B02D-26BF60ECDBA6}"
EndProject
Project("{2150E333-8FDC-42A3-9474-1A3956D46DE8}") = "domain", "domain", "{CF78C9A1-9C3A-4F05-A993-E797EA78C7C5}"
EndProject
Project("{2150E333-8FDC-42A3-9474-1A3956D46DE8}") = "infra", "infra", "{EA426450-611B-4E49-8C7F-D6C28025F8F1}"
EndProject
Project("{2150E333-8FDC-42A3-9474-1A3956D46DE8}") = "service", "service", "{6DF7B3B2-CFF1-494B-8D5D-27C7FC72A754}"
EndProject
Project("{9A19103F-16F7-4668-BE54-9A1E7A4F7556}") = "Fintech.CreditLine.Domain", "Fintech.CreditLine.Domain\Fintech.CreditLine.Domain.csproj", "{A9320E09-4435-44FB-87C3-25A04598A81E}"
EndProject
Project("{9A19103F-16F7-4668-BE54-9A1E7A4F7556}") = "Fintech.CreditLine.Data", "Fintech.CreditLine.Data\Fintech.CreditLine.Data.csproj", "{41636684-6914-4801-BC02-538C6A72A403}"
EndProject
Project("{9A19103F-16F7-4668-BE54-9A1E7A4F7556}") = "Fintech.CreditLine.Services", "Fintech.CreditLine.Services\Fintech.CreditLine.Services.csproj", "{E0E86F6D-EE24-430D-9CF2-32C49B581B02}"
EndProject
Project("{2150E333-8FDC-42A3-9474-1A3956D46DE8}") = "tests", "tests", "{4DDCB406-CBB7-48F5-B30C-9503BD5F3DC7}"
EndProject
Project("{FAE04EC0-301F-11D3-BF4B-00C04F79EFBC}") = "Fintech.CreditLine.Tests", "Fintech.CreditLine.Tests\Fintech.CreditLine.Tests.csproj", "{9448DC90-6EE6-451A-8F5C-52730BFC7FD7}"
EndProject
Global
	GlobalSection(SolutionConfigurationPlatforms) = preSolution
		Debug|Any CPU = Debug|Any CPU
		Release|Any CPU = Release|Any CPU
	EndGlobalSection
	GlobalSection(ProjectConfigurationPlatforms) = postSolution
		{3586E0BA-52C3-4BEB-963B-502A47DC84A2}.Debug|Any CPU.ActiveCfg = Debug|Any CPU
		{3586E0BA-52C3-4BEB-963B-502A47DC84A2}.Debug|Any CPU.Build.0 = Debug|Any CPU
		{3586E0BA-52C3-4BEB-963B-502A47DC84A2}.Release|Any CPU.ActiveCfg = Release|Any CPU
		{3586E0BA-52C3-4BEB-963B-502A47DC84A2}.Release|Any CPU.Build.0 = Release|Any CPU
		{A9320E09-4435-44FB-87C3-25A04598A81E}.Debug|Any CPU.ActiveCfg = Debug|Any CPU
		{A9320E09-4435-44FB-87C3-25A04598A81E}.Debug|Any CPU.Build.0 = Debug|Any CPU
		{A9320E09-4435-44FB-87C3-25A04598A81E}.Release|Any CPU.ActiveCfg = Release|Any CPU
		{A9320E09-4435-44FB-87C3-25A04598A81E}.Release|Any CPU.Build.0 = Release|Any CPU
		{41636684-6914-4801-BC02-538C6A72A403}.Debug|Any CPU.ActiveCfg = Debug|Any CPU
		{41636684-6914-4801-BC02-538C6A72A403}.Debug|Any CPU.Build.0 = Debug|Any CPU
		{41636684-6914-4801-BC02-538C6A72A403}.Release|Any CPU.ActiveCfg = Release|Any CPU
		{41636684-6914-4801-BC02-538C6A72A403}.Release|Any CPU.Build.0 = Release|Any CPU
		{E0E86F6D-EE24-430D-9CF2-32C49B581B02}.Debug|Any CPU.ActiveCfg = Debug|Any CPU
		{E0E86F6D-EE24-430D-9CF2-32C49B581B02}.Debug|Any CPU.Build.0 = Debug|Any CPU
		{E0E86F6D-EE24-430D-9CF2-32C49B581B02}.Release|Any CPU.ActiveCfg = Release|Any CPU
		{E0E86F6D-EE24-430D-9CF2-32C49B581B02}.Release|Any CPU.Build.0 = Release|Any CPU
		{9448DC90-6EE6-451A-8F5C-52730BFC7FD7}.Debug|Any CPU.ActiveCfg = Debug|Any CPU
		{9448DC90-6EE6-451A-8F5C-52730BFC7FD7}.Debug|Any CPU.Build.0 = Debug|Any CPU
		{9448DC90-6EE6-451A-8F5C-52730BFC7FD7}.Release|Any CPU.ActiveCfg = Release|Any CPU
		{9448DC90-6EE6-451A-8F5C-52730BFC7FD7}.Release|Any CPU.Build.0 = Release|Any CPU
	EndGlobalSection
	GlobalSection(SolutionProperties) = preSolution
		HideSolutionNode = FALSE
	EndGlobalSection
	GlobalSection(NestedProjects) = preSolution
		{3586E0BA-52C3-4BEB-963B-502A47DC84A2} = {5E5B5847-416D-4A16-B02D-26BF60ECDBA6}
		{5E5B5847-416D-4A16-B02D-26BF60ECDBA6} = {E0E1CEAE-36D5-4005-9F3A-0BB13D3FD304}
		{CF78C9A1-9C3A-4F05-A993-E797EA78C7C5} = {E0E1CEAE-36D5-4005-9F3A-0BB13D3FD304}
		{EA426450-611B-4E49-8C7F-D6C28025F8F1} = {E0E1CEAE-36D5-4005-9F3A-0BB13D3FD304}
		{6DF7B3B2-CFF1-494B-8D5D-27C7FC72A754} = {E0E1CEAE-36D5-4005-9F3A-0BB13D3FD304}
		{A9320E09-4435-44FB-87C3-25A04598A81E} = {CF78C9A1-9C3A-4F05-A993-E797EA78C7C5}
		{41636684-6914-4801-BC02-538C6A72A403} = {EA426450-611B-4E49-8C7F-D6C28025F8F1}
		{E0E86F6D-EE24-430D-9CF2-32C49B581B02} = {6DF7B3B2-CFF1-494B-8D5D-27C7FC72A754}
		{9448DC90-6EE6-451A-8F5C-52730BFC7FD7} = {4DDCB406-CBB7-48F5-B30C-9503BD5F3DC7}
	EndGlobalSection
	GlobalSection(ExtensibilityGlobals) = postSolution
		SolutionGuid = {1052EDFF-F674-4138-8DF0-CB16803EC0DB}
	EndGlobalSection
EndGlobal
